{
  "projects": [
    {
      "projectId": "3c6yRJMQSzDZtk6KHgubdU",
      "version": "latest",
      "dependencies": {},
      "lang": "ts",
      "fileLocks": [
        {
          "type": "globalVariant",
          "assetId": "CnYuMBNgeP2i",
          "checksum": "17a45fa7e4d9605ad7f1795b2fabbc25"
        },
        {
          "assetId": "3c6yRJMQSzDZtk6KHgubdU",
          "type": "projectCss",
          "checksum": "4d9418096472499fd00aea4bc9eb5d06"
        },
        {
          "type": "renderModule",
          "assetId": "ESf0BdqfxzhL",
          "checksum": "3491ad3a6cde9fce7f1de42c5ad609b4"
        },
        {
          "type": "cssRules",
          "assetId": "ESf0BdqfxzhL",
          "checksum": "3491ad3a6cde9fce7f1de42c5ad609b4"
        },
        {
          "type": "renderModule",
          "assetId": "poNnkxLcsL-U",
          "checksum": "17c5f37d89b7e3ddca94d0af39e5c63b"
        },
        {
          "type": "cssRules",
          "assetId": "poNnkxLcsL-U",
          "checksum": "17c5f37d89b7e3ddca94d0af39e5c63b"
        },
        {
          "type": "renderModule",
          "assetId": "TILAKQT7P-vZ",
          "checksum": "1cf05be5efbdd496df1e7e624b24e1ff"
        },
        {
          "type": "cssRules",
          "assetId": "TILAKQT7P-vZ",
          "checksum": "1cf05be5efbdd496df1e7e624b24e1ff"
        },
        {
          "type": "renderModule",
          "assetId": "yXUIIFdNNdVV",
          "checksum": "f5292b7053f65d725df1eefa55ccb141"
        },
        {
          "type": "cssRules",
          "assetId": "yXUIIFdNNdVV",
          "checksum": "f5292b7053f65d725df1eefa55ccb141"
        },
        {
          "type": "renderModule",
          "assetId": "cSMCyALdPq9e",
          "checksum": "2db01e5327f5355946ee7eb1462eb167"
        },
        {
          "type": "cssRules",
          "assetId": "cSMCyALdPq9e",
          "checksum": "2db01e5327f5355946ee7eb1462eb167"
        },
        {
          "type": "renderModule",
          "assetId": "yci3Ta2DwAtB",
          "checksum": "549311a31cf6a406ed2a7337b81281d7"
        },
        {
          "type": "cssRules",
          "assetId": "yci3Ta2DwAtB",
          "checksum": "549311a31cf6a406ed2a7337b81281d7"
        },
        {
          "type": "renderModule",
          "assetId": "IKnbNlvtAGRG",
          "checksum": "9628097bb76ed75eae44630936263e2a"
        },
        {
          "type": "cssRules",
          "assetId": "IKnbNlvtAGRG",
          "checksum": "9628097bb76ed75eae44630936263e2a"
        },
        {
          "type": "renderModule",
          "assetId": "pn5Px_8ARbsv",
          "checksum": "2b79a9794020a24776710a421f9f7105"
        },
        {
          "type": "cssRules",
          "assetId": "pn5Px_8ARbsv",
          "checksum": "2b79a9794020a24776710a421f9f7105"
        },
        {
          "type": "renderModule",
          "assetId": "kI8AxFdWNlaV",
          "checksum": "79c4d380d96ff994b2930fb7cede95ee"
        },
        {
          "type": "cssRules",
          "assetId": "kI8AxFdWNlaV",
          "checksum": "79c4d380d96ff994b2930fb7cede95ee"
        },
        {
          "type": "renderModule",
          "assetId": "bwS5T57_785p",
          "checksum": "e570da5eee1269f8f5fd59d6b00fb28b"
        },
        {
          "type": "cssRules",
          "assetId": "bwS5T57_785p",
          "checksum": "e570da5eee1269f8f5fd59d6b00fb28b"
        },
        {
          "type": "renderModule",
          "assetId": "5El4HHKrmpSs",
          "checksum": "c8984499a533217bd9a58c5758369988"
        },
        {
          "type": "cssRules",
          "assetId": "5El4HHKrmpSs",
          "checksum": "c8984499a533217bd9a58c5758369988"
        },
        {
          "type": "icon",
          "assetId": "epUJ85lwWyQz",
          "checksum": "be433137fa578652283a1e130a65399f"
        },
        {
          "type": "icon",
          "assetId": "R-M3KRQ53AmX",
          "checksum": "cf86cecfb4ca0dcb182e1f8730ebeb8b"
        },
        {
          "type": "icon",
          "assetId": "fVNzcUUOjaVn",
          "checksum": "4c2ba033c0273bbf7c58394ec42bbffd"
        },
        {
          "type": "icon",
          "assetId": "xK0UfZsqmWfC",
          "checksum": "658ad37499b01662245aee1deb2d9351"
        },
        {
          "type": "icon",
          "assetId": "FkqLnNLPCSq3",
          "checksum": "c0c1a492211f25d0667c55419533c85e"
        },
        {
          "type": "icon",
          "assetId": "nw_ptq6XX9zT",
          "checksum": "4fb549f18c2c180255055c979439e52c"
        },
        {
          "type": "icon",
          "assetId": "FOV3eqBSZCHk",
          "checksum": "1710737d5e8e18dd5249dc7a409ff399"
        },
        {
          "type": "icon",
          "assetId": "jeQcC3FiiR-S",
          "checksum": "de5ed6a47acb66b7f5dfc8c36f4e9a18"
        },
        {
          "type": "icon",
          "assetId": "0Lnl5yEz6Cbb",
          "checksum": "e204b25e89e84c797e66ef78275c5fce"
        },
        {
          "type": "icon",
          "assetId": "l-BAoeaGMo8f",
          "checksum": "72c995446ad8ac8d17fb4aaee9ecb464"
        },
        {
          "type": "icon",
          "assetId": "Z-8uDcvTln2F",
          "checksum": "703df87201e5b7634b496399aaa48b03"
        },
        {
          "type": "icon",
          "assetId": "k1ZTix0RqpCj",
          "checksum": "edca16d68f64f1f60e31392493702e25"
        },
        {
          "type": "icon",
          "assetId": "EfyCI2TcIPhm",
          "checksum": "077d6b6bc245485b474db2061ede4366"
        },
        {
          "type": "icon",
          "assetId": "hXWaVPyAuP-f",
          "checksum": "51c686e77a5f77ed035a4e5aac424585"
        },
        {
          "type": "icon",
          "assetId": "bhRASCeZ0HmP",
          "checksum": "b8628097a4d42751d9d19a8bcfcb2e18"
        },
        {
          "type": "icon",
          "assetId": "c8TvFLoOk7qW",
          "checksum": "657bb6f2c80eeab1d3e736a80252b46f"
        },
        {
          "type": "icon",
          "assetId": "mF4pTY-BoIgk",
          "checksum": "550471d458e280b6c5786d2ce543324c"
        },
        {
          "type": "icon",
          "assetId": "86qhc8go8DoL",
          "checksum": "df9a8afb73eef1e7b1335d5c7540ac7b"
        },
        {
          "type": "icon",
          "assetId": "RO-_eoGiTr98",
          "checksum": "0b0597574d3e80ffa80e3f0d1bb4cbdc"
        },
        {
          "type": "icon",
          "assetId": "g1IeoqQ2r4gP",
          "checksum": "87b85509af0ffb546e6878726c32d87e"
        },
        {
          "type": "icon",
          "assetId": "G7XM38HX-7hy",
          "checksum": "9bc3502d4b6dcbd5452e9a4054fa5ed9"
        },
        {
          "type": "icon",
          "assetId": "Hvyw6PCpNMmT",
          "checksum": "b6adfe558895d7a9478a1bc7816c240b"
        },
        {
          "type": "icon",
          "assetId": "gU2Rd46XOPAp",
          "checksum": "1d125128604dbd84f0c1153c72e21e0c"
        },
        {
          "type": "icon",
          "assetId": "saJTd7uD5ZV9",
          "checksum": "661b2de9a9b377065ae6f674bbf87d44"
        },
        {
          "type": "icon",
          "assetId": "Zo-iiHKDGQ9r",
          "checksum": "4a3434d284f070aeffc403001c583df5"
        },
        {
          "type": "icon",
          "assetId": "sxIKBp0BqxBQ",
          "checksum": "560a15ca5578e76e5b06bcb7a3e320dd"
        },
        {
          "type": "icon",
          "assetId": "P1dnrytygHvB",
          "checksum": "29e85a962ccd99a4f4562acc90a38cd0"
        },
        {
          "type": "icon",
          "assetId": "ZeJO2mjI8hzp",
          "checksum": "87689480e24cc7ee4bb9e8b56e24acd8"
        },
        {
          "type": "icon",
          "assetId": "wt1hlxHxKVZB",
          "checksum": "4ca3d28d88727a7ddf4d8c23d1e3a7ca"
        },
        {
          "type": "icon",
          "assetId": "YFYewOhTQlH6",
          "checksum": "26867b66fb56857986b49ee3b8b63d37"
        },
        {
          "type": "icon",
          "assetId": "ITPHfb7Vi1jd",
          "checksum": "5da4086a66346b70f3258503fcb40c0e"
        },
        {
          "type": "icon",
          "assetId": "vKQPhyZBNl9x",
          "checksum": "caa748a591f449a22744228546cdfe14"
        },
        {
          "type": "icon",
          "assetId": "zhMzFs66CApX",
          "checksum": "502b3263cbed2b547febac14b9b41139"
        },
        {
          "type": "icon",
          "assetId": "aUlVK4FiwEcn",
          "checksum": "37624e421c93b5e079aabb85999a55ef"
        },
        {
          "type": "icon",
          "assetId": "UuZ3c3JnM3WI",
          "checksum": "eca098b966f0d6fdb380757525ae3c57"
        },
        {
          "type": "icon",
          "assetId": "ngrXElPml7Nl",
          "checksum": "e683e440474a0f2fea8934148b226d6d"
        },
        {
          "type": "icon",
          "assetId": "rokqhRh1Syd8",
          "checksum": "62a3acdeaf57ef31097b59b2d96d5007"
        },
        {
          "type": "icon",
          "assetId": "kr--HMFT-c_s",
          "checksum": "b10cbd4f0e6c3b9bffeb6a7bdf9e1fac"
        },
        {
          "type": "icon",
          "assetId": "WW-U0d2sBUlL",
          "checksum": "27df9c6e033d97737097dc508aa759b1"
        },
        {
          "type": "image",
          "assetId": "AlrGLQmSOfri",
          "checksum": "96dd883b8d26788c82a64a04d1d99fab"
        },
        {
          "type": "image",
          "assetId": "zrXMOZA7UlUQ",
          "checksum": "c74e39ea2fc83d0174f5cc163cd2c787"
        },
        {
          "type": "image",
          "assetId": "zFeOBhtOnJVG",
          "checksum": "c37d9ee12fcccd75bf60e85928525bb3"
        },
        {
          "type": "image",
          "assetId": "74L79BeOKogO",
          "checksum": "d04d7a76386acd90c5de0f6cdf25e2cf"
        },
        {
          "type": "image",
          "assetId": "3icbnXYy4_vO",
          "checksum": "0c60a40c387c150586f0153e84f3fe29"
        },
        {
          "type": "image",
          "assetId": "wgtHt6GO461-",
          "checksum": "6e49d090c0368a5b836ede86288cfba2"
        },
        {
          "type": "image",
          "assetId": "4i6AZOwqgSp4",
          "checksum": "3b5a164de52832fcfb89c2dd71fe85cb"
        },
        {
          "type": "image",
          "assetId": "BCYy3FnN1S-L",
          "checksum": "59701f6857b24a23173a86b9bb3ca875"
        },
        {
          "type": "image",
          "assetId": "9_pcIMx44tXT",
          "checksum": "96af140eacd41345b7fa029c852c2956"
        },
        {
          "type": "image",
          "assetId": "ubWdMdMQCal8",
          "checksum": "c7e4999f586c069e176127788cb0fd26"
        },
        {
          "type": "image",
          "assetId": "csWLIdsoKdth",
          "checksum": "a00477c6e8159c3affff69d38e9c84d6"
        },
        {
          "type": "image",
          "assetId": "gWFklI6zDJCb",
          "checksum": "42da039ea37ded42b564c724bf465eea"
        },
        {
          "type": "image",
          "assetId": "KBENA5vcAoOd",
          "checksum": "d89b3d7c486c1f038ada310d988f32e5"
        },
        {
          "type": "image",
          "assetId": "ONd61YZ7GGY1",
          "checksum": "d92d60818dca058a9089beb67a6f1a24"
        },
        {
          "type": "image",
          "assetId": "6soTiid-CpDP",
          "checksum": "264be3f834e047208f46e696365b88b0"
        },
        {
          "type": "image",
          "assetId": "5_w0g25SZbY4",
          "checksum": "485734708c63fd479abbe8afdde0b1a3"
        },
        {
          "type": "image",
          "assetId": "X2qO8N_qwjbK",
          "checksum": "23b628b6f1855a75e6d64d01e56b6a92"
        },
        {
          "type": "image",
          "assetId": "J4PSZc1Nyysn",
          "checksum": "76418a0ef0cc2accf2ddaebadb5cc477"
        },
        {
          "type": "image",
          "assetId": "ayjd1gafc0Pd",
          "checksum": "f92eec4fb14b96b6161f5546f90ba20a"
        },
        {
          "type": "image",
          "assetId": "4dZZ8VnodVd1",
          "checksum": "83d753f8f36e4e18ac6d1155c0f08b4b"
        },
        {
          "type": "image",
          "assetId": "He_DJpbtGOHM",
          "checksum": "11f86a926f35f5f822073b2539fc1a5d"
        },
        {
          "type": "image",
          "assetId": "REqYTJMCdUOy",
          "checksum": "ba9d56b275e3b6fa46a0add005424c03"
        },
        {
          "type": "image",
          "assetId": "jtbNJPHbzZEE",
          "checksum": "ef93740cd00d4e1f3dad0dab4788a8fd"
        },
        {
          "type": "image",
          "assetId": "HJfev-SsmLM0",
          "checksum": "c8008d5bad7a63b3aa738872f24631db"
        },
        {
          "type": "image",
          "assetId": "dNTEtao76ddN",
          "checksum": "81435ef20a800008ee3e87b7cd322738"
        },
        {
          "type": "image",
          "assetId": "_yszIaWoWw4P",
          "checksum": "7ed763741773a0af92900c10641b40db"
        },
        {
          "type": "image",
          "assetId": "0_29QKo68MGZ",
          "checksum": "043137e1e7c3eeb13f9ac8c7f408d396"
        },
        {
          "type": "image",
          "assetId": "vAdgz_9c-yDi",
          "checksum": "1e17dd4971d7f0bf0a636af0038ada67"
        },
        {
          "type": "image",
          "assetId": "o0vfuzy2zI4D",
          "checksum": "6d9cc7f2cc50bce328af3a830de17770"
        },
        {
          "type": "image",
          "assetId": "tUQ2jLniZRwT",
          "checksum": "afbe7ceae0dd5750e24b93c9ec99249a"
        },
        {
          "type": "image",
          "assetId": "hJO-GdBPwcs7",
          "checksum": "ab4c3654cb4851f13666ccd0ee4495c5"
        },
        {
          "type": "image",
          "assetId": "08XkchtDQGgl",
          "checksum": "28dbcc9f66f47a6c3eed4b1242b16ccf"
        }
      ],
      "codegenVersion": "0.0.1"
    }
  ],
  "cliVersion": "0.1.334"
}
